lockfileVersion: 5.4

specifiers:
  '@udecode/plate-core': ^19.5.0
  '@udecode/plate-list': 16.4.1
  esbuild: ^0.17.10
  html-tags: ^3.2.0
  lodash: 4.17.21
  slate: 0.82.0
  tiddlywiki: ^5.2.5
  unified: 10.1.2
  unist-util-find: ^1.0.2
  unist-util-parents: ^2.0.0

dependencies:
  '@udecode/plate-core': 19.5.0_slate@0.82.0
  '@udecode/plate-list': 16.4.1_slate@0.82.0
  html-tags: 3.2.0
  lodash: 4.17.21
  slate: 0.82.0
  tiddlywiki: 5.2.5
  unified: 10.1.2
  unist-util-find: 1.0.2
  unist-util-parents: 2.0.1

devDependencies:
  esbuild: 0.17.10

packages:

  /@babel/runtime/7.21.0:
    resolution: {integrity: sha512-xwII0//EObnq89Ji5AKYQaRYiW/nZ3llSv29d49IuxPhKbtJoLP+9QUUZ4nVragQVtaVGeZrpB+ZtG/Pdy/POw==}
    engines: {node: '>=6.9.0'}
    dependencies:
      regenerator-runtime: 0.13.11
    dev: false

  /@esbuild/android-arm/0.17.10:
    resolution: {integrity: sha512-7YEBfZ5lSem9Tqpsz+tjbdsEshlO9j/REJrfv4DXgKTt1+/MHqGwbtlyxQuaSlMeUZLxUKBaX8wdzlTfHkmnLw==}
    engines: {node: '>=12'}
    cpu: [arm]
    os: [android]
    requiresBuild: true
    dev: true
    optional: true

  /@esbuild/android-arm64/0.17.10:
    resolution: {integrity: sha512-ht1P9CmvrPF5yKDtyC+z43RczVs4rrHpRqrmIuoSvSdn44Fs1n6DGlpZKdK6rM83pFLbVaSUwle8IN+TPmkv7g==}
    engines: {node: '>=12'}
    cpu: [arm64]
    os: [android]
    requiresBuild: true
    dev: true
    optional: true

  /@esbuild/android-x64/0.17.10:
    resolution: {integrity: sha512-CYzrm+hTiY5QICji64aJ/xKdN70IK8XZ6iiyq0tZkd3tfnwwSWTYH1t3m6zyaaBxkuj40kxgMyj1km/NqdjQZA==}
    engines: {node: '>=12'}
    cpu: [x64]
    os: [android]
    requiresBuild: true
    dev: true
    optional: true

  /@esbuild/darwin-arm64/0.17.10:
    resolution: {integrity: sha512-3HaGIowI+nMZlopqyW6+jxYr01KvNaLB5znXfbyyjuo4lE0VZfvFGcguIJapQeQMS4cX/NEispwOekJt3gr5Dg==}
    engines: {node: '>=12'}
    cpu: [arm64]
    os: [darwin]
    requiresBuild: true
    dev: true
    optional: true

  /@esbuild/darwin-x64/0.17.10:
    resolution: {integrity: sha512-J4MJzGchuCRG5n+B4EHpAMoJmBeAE1L3wGYDIN5oWNqX0tEr7VKOzw0ymSwpoeSpdCa030lagGUfnfhS7OvzrQ==}
    engines: {node: '>=12'}
    cpu: [x64]
    os: [darwin]
    requiresBuild: true
    dev: true
    optional: true

  /@esbuild/freebsd-arm64/0.17.10:
    resolution: {integrity: sha512-ZkX40Z7qCbugeK4U5/gbzna/UQkM9d9LNV+Fro8r7HA7sRof5Rwxc46SsqeMvB5ZaR0b1/ITQ/8Y1NmV2F0fXQ==}
    engines: {node: '>=12'}
    cpu: [arm64]
    os: [freebsd]
    requiresBuild: true
    dev: true
    optional: true

  /@esbuild/freebsd-x64/0.17.10:
    resolution: {integrity: sha512-0m0YX1IWSLG9hWh7tZa3kdAugFbZFFx9XrvfpaCMMvrswSTvUZypp0NFKriUurHpBA3xsHVE9Qb/0u2Bbi/otg==}
    engines: {node: '>=12'}
    cpu: [x64]
    os: [freebsd]
    requiresBuild: true
    dev: true
    optional: true

  /@esbuild/linux-arm/0.17.10:
    resolution: {integrity: sha512-whRdrrl0X+9D6o5f0sTZtDM9s86Xt4wk1bf7ltx6iQqrIIOH+sre1yjpcCdrVXntQPCNw/G+XqsD4HuxeS+2QA==}
    engines: {node: '>=12'}
    cpu: [arm]
    os: [linux]
    requiresBuild: true
    dev: true
    optional: true

  /@esbuild/linux-arm64/0.17.10:
    resolution: {integrity: sha512-g1EZJR1/c+MmCgVwpdZdKi4QAJ8DCLP5uTgLWSAVd9wlqk9GMscaNMEViG3aE1wS+cNMzXXgdWiW/VX4J+5nTA==}
    engines: {node: '>=12'}
    cpu: [arm64]
    os: [linux]
    requiresBuild: true
    dev: true
    optional: true

  /@esbuild/linux-ia32/0.17.10:
    resolution: {integrity: sha512-1vKYCjfv/bEwxngHERp7huYfJ4jJzldfxyfaF7hc3216xiDA62xbXJfRlradiMhGZbdNLj2WA1YwYFzs9IWNPw==}
    engines: {node: '>=12'}
    cpu: [ia32]
    os: [linux]
    requiresBuild: true
    dev: true
    optional: true

  /@esbuild/linux-loong64/0.17.10:
    resolution: {integrity: sha512-mvwAr75q3Fgc/qz3K6sya3gBmJIYZCgcJ0s7XshpoqIAIBszzfXsqhpRrRdVFAyV1G9VUjj7VopL2HnAS8aHFA==}
    engines: {node: '>=12'}
    cpu: [loong64]
    os: [linux]
    requiresBuild: true
    dev: true
    optional: true

  /@esbuild/linux-mips64el/0.17.10:
    resolution: {integrity: sha512-XilKPgM2u1zR1YuvCsFQWl9Fc35BqSqktooumOY2zj7CSn5czJn279j9TE1JEqSqz88izJo7yE4x3LSf7oxHzg==}
    engines: {node: '>=12'}
    cpu: [mips64el]
    os: [linux]
    requiresBuild: true
    dev: true
    optional: true

  /@esbuild/linux-ppc64/0.17.10:
    resolution: {integrity: sha512-kM4Rmh9l670SwjlGkIe7pYWezk8uxKHX4Lnn5jBZYBNlWpKMBCVfpAgAJqp5doLobhzF3l64VZVrmGeZ8+uKmQ==}
    engines: {node: '>=12'}
    cpu: [ppc64]
    os: [linux]
    requiresBuild: true
    dev: true
    optional: true

  /@esbuild/linux-riscv64/0.17.10:
    resolution: {integrity: sha512-r1m9ZMNJBtOvYYGQVXKy+WvWd0BPvSxMsVq8Hp4GzdMBQvfZRvRr5TtX/1RdN6Va8JMVQGpxqde3O+e8+khNJQ==}
    engines: {node: '>=12'}
    cpu: [riscv64]
    os: [linux]
    requiresBuild: true
    dev: true
    optional: true

  /@esbuild/linux-s390x/0.17.10:
    resolution: {integrity: sha512-LsY7QvOLPw9WRJ+fU5pNB3qrSfA00u32ND5JVDrn/xG5hIQo3kvTxSlWFRP0NJ0+n6HmhPGG0Q4jtQsb6PFoyg==}
    engines: {node: '>=12'}
    cpu: [s390x]
    os: [linux]
    requiresBuild: true
    dev: true
    optional: true

  /@esbuild/linux-x64/0.17.10:
    resolution: {integrity: sha512-zJUfJLebCYzBdIz/Z9vqwFjIA7iSlLCFvVi7glMgnu2MK7XYigwsonXshy9wP9S7szF+nmwrelNaP3WGanstEg==}
    engines: {node: '>=12'}
    cpu: [x64]
    os: [linux]
    requiresBuild: true
    dev: true
    optional: true

  /@esbuild/netbsd-x64/0.17.10:
    resolution: {integrity: sha512-lOMkailn4Ok9Vbp/q7uJfgicpDTbZFlXlnKT2DqC8uBijmm5oGtXAJy2ZZVo5hX7IOVXikV9LpCMj2U8cTguWA==}
    engines: {node: '>=12'}
    cpu: [x64]
    os: [netbsd]
    requiresBuild: true
    dev: true
    optional: true

  /@esbuild/openbsd-x64/0.17.10:
    resolution: {integrity: sha512-/VE0Kx6y7eekqZ+ZLU4AjMlB80ov9tEz4H067Y0STwnGOYL8CsNg4J+cCmBznk1tMpxMoUOf0AbWlb1d2Pkbig==}
    engines: {node: '>=12'}
    cpu: [x64]
    os: [openbsd]
    requiresBuild: true
    dev: true
    optional: true

  /@esbuild/sunos-x64/0.17.10:
    resolution: {integrity: sha512-ERNO0838OUm8HfUjjsEs71cLjLMu/xt6bhOlxcJ0/1MG3hNqCmbWaS+w/8nFLa0DDjbwZQuGKVtCUJliLmbVgg==}
    engines: {node: '>=12'}
    cpu: [x64]
    os: [sunos]
    requiresBuild: true
    dev: true
    optional: true

  /@esbuild/win32-arm64/0.17.10:
    resolution: {integrity: sha512-fXv+L+Bw2AeK+XJHwDAQ9m3NRlNemG6Z6ijLwJAAVdu4cyoFbBWbEtyZzDeL+rpG2lWI51cXeMt70HA8g2MqIg==}
    engines: {node: '>=12'}
    cpu: [arm64]
    os: [win32]
    requiresBuild: true
    dev: true
    optional: true

  /@esbuild/win32-ia32/0.17.10:
    resolution: {integrity: sha512-3s+HADrOdCdGOi5lnh5DMQEzgbsFsd4w57L/eLKKjMnN0CN4AIEP0DCP3F3N14xnxh3ruNc32A0Na9zYe1Z/AQ==}
    engines: {node: '>=12'}
    cpu: [ia32]
    os: [win32]
    requiresBuild: true
    dev: true
    optional: true

  /@esbuild/win32-x64/0.17.10:
    resolution: {integrity: sha512-oP+zFUjYNaMNmjTwlFtWep85hvwUu19cZklB3QsBOcZSs6y7hmH4LNCJ7075bsqzYaNvZFXJlAVaQ2ApITDXtw==}
    engines: {node: '>=12'}
    cpu: [x64]
    os: [win32]
    requiresBuild: true
    dev: true
    optional: true

  /@radix-ui/react-compose-refs/0.1.0:
    resolution: {integrity: sha512-eyclbh+b77k+69Dk72q3694OHrn9B3QsoIRx7ywX341U9RK1ThgQjMFZoPtmZNQTksXHLNEiefR8hGVeFyInGg==}
    peerDependencies:
      react: ^16.8 || ^17.0
    dependencies:
      '@babel/runtime': 7.21.0
    dev: false

  /@radix-ui/react-compose-refs/1.0.0:
    resolution: {integrity: sha512-0KaSv6sx787/hK3eF53iOkiSLwAGlFMx5lotrqD2pTjB18KbybKoEIgkNZTKC60YECDQTKGTRcDBILwZVqVKvA==}
    peerDependencies:
      react: ^16.8 || ^17.0 || ^18.0
    dependencies:
      '@babel/runtime': 7.21.0
    dev: false

  /@radix-ui/react-slot/0.1.2:
    resolution: {integrity: sha512-ADkqfL+agEzEguU3yS26jfB50hRrwf7U4VTwAOZEmi/g+ITcBWe12yM46ueS/UCIMI9Py+gFUaAdxgxafFvY2Q==}
    peerDependencies:
      react: ^16.8 || ^17.0
    dependencies:
      '@babel/runtime': 7.21.0
      '@radix-ui/react-compose-refs': 0.1.0
    dev: false

  /@radix-ui/react-slot/1.0.1:
    resolution: {integrity: sha512-avutXAFL1ehGvAXtPquu0YK5oz6ctS474iM3vNGQIkswrVhdrS52e3uoMQBzZhNRAIE0jBnUyXWNmSjGHhCFcw==}
    peerDependencies:
      react: ^16.8 || ^17.0 || ^18.0
    dependencies:
      '@babel/runtime': 7.21.0
      '@radix-ui/react-compose-refs': 1.0.0
    dev: false

  /@types/unist/2.0.6:
    resolution: {integrity: sha512-PBjIUxZHOuj0R15/xuwJYjFi+KZdNFrehocChv4g5hu6aFroHue8m0lBP0POdK2nKzbw0cgV1mws8+V/JAcEkQ==}
    dev: false

  /@udecode/plate-core/16.3.0_slate@0.82.0:
    resolution: {integrity: sha512-QkJWkaV8sMkA0fKvzezgoOMiplt2zblK6zbG9EcSUWBUjfoGcASYZzdFz330hNLtwyH7f6DFPySeRWXNF6V9lA==}
    peerDependencies:
      react: '>=16.8.0'
      react-dom: '>=16.8.0'
      slate: '>=0.78.0'
      slate-history: '>=0.66.0'
      slate-react: '>=0.79.0'
    dependencies:
      '@radix-ui/react-slot': 0.1.2
      '@udecode/zustood': 1.1.3_zustand@3.7.2
      clsx: 1.2.1
      jotai: 1.13.1
      lodash: 4.17.21
      react-hotkeys-hook: 3.4.7
      slate: 0.82.0
      use-deep-compare: 1.1.0
      zustand: 3.7.2
    transitivePeerDependencies:
      - '@babel/core'
      - '@babel/template'
      - jotai-devtools
      - jotai-immer
      - jotai-optics
      - jotai-redux
      - jotai-tanstack-query
      - jotai-urql
      - jotai-valtio
      - jotai-xstate
      - jotai-zustand
      - react-native
      - scheduler
    dev: false

  /@udecode/plate-core/19.5.0_slate@0.82.0:
    resolution: {integrity: sha512-qnUBF04IkiZZ0WohyJKBToQelxBpZY11gTCOXxYeS3JfBDseorm7JUJhFa//PR7IixS4UAezQH18IoC/HZ9BpQ==}
    peerDependencies:
      react: '>=16.8.0'
      react-dom: '>=16.8.0'
      slate: '>=0.87.0'
      slate-history: '>=0.86.0'
      slate-react: '>=0.88.0'
    dependencies:
      '@radix-ui/react-slot': 1.0.1
      '@udecode/zustood': 1.1.3_zustand@3.7.2
      clsx: 1.2.1
      jotai: 1.13.1
      lodash: 4.17.21
      nanoid: 3.3.4
      react-hotkeys-hook: 3.4.7
      slate: 0.82.0
      use-deep-compare: 1.1.0
      zustand: 3.7.2
    transitivePeerDependencies:
      - '@babel/core'
      - '@babel/template'
      - jotai-devtools
      - jotai-immer
      - jotai-optics
      - jotai-redux
      - jotai-tanstack-query
      - jotai-urql
      - jotai-valtio
      - jotai-xstate
      - jotai-zustand
      - react-native
      - scheduler
    dev: false

  /@udecode/plate-list/16.4.1_slate@0.82.0:
    resolution: {integrity: sha512-+ZU5ahy0fQHr49zp62FwDWx1fzg3H54HgvWlH8+hoLgANnrXThj2JKjaFFi1AFsBMJxoMofkz34VmnCKNGFLwg==}
    peerDependencies:
      react: '>=16.8.0'
      react-dom: '>=16.8.0'
      slate: '>=0.78.0'
      slate-history: '>=0.66.0'
      slate-react: '>=0.79.0'
    dependencies:
      '@udecode/plate-core': 16.3.0_slate@0.82.0
      '@udecode/plate-reset-node': 16.3.0_slate@0.82.0
      slate: 0.82.0
    transitivePeerDependencies:
      - '@babel/core'
      - '@babel/template'
      - jotai-devtools
      - jotai-immer
      - jotai-optics
      - jotai-redux
      - jotai-tanstack-query
      - jotai-urql
      - jotai-valtio
      - jotai-xstate
      - jotai-zustand
      - react-native
      - scheduler
    dev: false

  /@udecode/plate-reset-node/16.3.0_slate@0.82.0:
    resolution: {integrity: sha512-eGncEc+YceJAMdKp+uc2XcY57EXFTRZ/jMM2i/vfEy49OpqXU72OW/ixI2g042QJ5SQ7YVqZ6eePO4/OnfmoFA==}
    peerDependencies:
      react: '>=16.8.0'
      react-dom: '>=16.8.0'
      slate: '>=0.78.0'
      slate-history: '>=0.66.0'
      slate-react: '>=0.79.0'
    dependencies:
      '@udecode/plate-core': 16.3.0_slate@0.82.0
      slate: 0.82.0
    transitivePeerDependencies:
      - '@babel/core'
      - '@babel/template'
      - jotai-devtools
      - jotai-immer
      - jotai-optics
      - jotai-redux
      - jotai-tanstack-query
      - jotai-urql
      - jotai-valtio
      - jotai-xstate
      - jotai-zustand
      - react-native
      - scheduler
    dev: false

  /@udecode/zustood/1.1.3_zustand@3.7.2:
    resolution: {integrity: sha512-f3mxHDaOF+q2XvDh/mMvLhCNs0LfCLhIBl8jGmvZT/i3WWq7YujzGXgnbK8mxIkun9irfe6wlPhg9sTIB9Gnug==}
    peerDependencies:
      zustand: '>=3.5.10'
    dependencies:
      immer: 9.0.19
      react-tracked: 1.7.11
      zustand: 3.7.2
    transitivePeerDependencies:
      - react
      - react-dom
      - react-native
      - scheduler
    dev: false

  /bail/2.0.2:
    resolution: {integrity: sha512-0xO6mYd7JB2YesxDKplafRpsiOzPt9V02ddPCLbY1xYGPOX24NTyN50qnUxgCPcSoYMhKpAuBTjQoRZCAkUDRw==}
    dev: false

  /clsx/1.2.1:
    resolution: {integrity: sha512-EcR6r5a8bj6pu3ycsa/E/cKVGuTgZJZdsyUYHOksG/UHIiKfjxzRxYJpyVBwYaQeOvghal9fcc4PidlgzugAQg==}
    engines: {node: '>=6'}
    dev: false

  /dequal/1.0.0:
    resolution: {integrity: sha512-/Nd1EQbQbI9UbSHrMiKZjFLrXSnU328iQdZKPQf78XQI6C+gutkFUeoHpG5J08Ioa6HeRbRNFpSIclh1xyG0mw==}
    engines: {node: '>=6'}
    dev: false

  /esbuild/0.17.10:
    resolution: {integrity: sha512-n7V3v29IuZy5qgxx25TKJrEm0FHghAlS6QweUcyIgh/U0zYmQcvogWROitrTyZId1mHSkuhhuyEXtI9OXioq7A==}
    engines: {node: '>=12'}
    hasBin: true
    requiresBuild: true
    optionalDependencies:
      '@esbuild/android-arm': 0.17.10
      '@esbuild/android-arm64': 0.17.10
      '@esbuild/android-x64': 0.17.10
      '@esbuild/darwin-arm64': 0.17.10
      '@esbuild/darwin-x64': 0.17.10
      '@esbuild/freebsd-arm64': 0.17.10
      '@esbuild/freebsd-x64': 0.17.10
      '@esbuild/linux-arm': 0.17.10
      '@esbuild/linux-arm64': 0.17.10
      '@esbuild/linux-ia32': 0.17.10
      '@esbuild/linux-loong64': 0.17.10
      '@esbuild/linux-mips64el': 0.17.10
      '@esbuild/linux-ppc64': 0.17.10
      '@esbuild/linux-riscv64': 0.17.10
      '@esbuild/linux-s390x': 0.17.10
      '@esbuild/linux-x64': 0.17.10
      '@esbuild/netbsd-x64': 0.17.10
      '@esbuild/openbsd-x64': 0.17.10
      '@esbuild/sunos-x64': 0.17.10
      '@esbuild/win32-arm64': 0.17.10
      '@esbuild/win32-ia32': 0.17.10
      '@esbuild/win32-x64': 0.17.10
    dev: true

  /extend/3.0.2:
    resolution: {integrity: sha512-fjquC59cD7CyW6urNXK0FBufkZcoiGG80wTuPujX590cB5Ttln20E2UB4S/WARVqhXffZl2LNgS+gQdPIIim/g==}
    dev: false

  /hotkeys-js/3.9.4:
    resolution: {integrity: sha512-2zuLt85Ta+gIyvs4N88pCYskNrxf1TFv3LR9t5mdAZIX8BcgQQ48F2opUptvHa6m8zsy5v/a0i9mWzTrlNWU0Q==}
    dev: false

  /html-tags/3.2.0:
    resolution: {integrity: sha512-vy7ClnArOZwCnqZgvv+ddgHgJiAFXe3Ge9ML5/mBctVJoUoYPCdxVucOywjDARn6CVoh3dRSFdPHy2sX80L0Wg==}
    engines: {node: '>=8'}
    dev: false

  /immer/9.0.19:
    resolution: {integrity: sha512-eY+Y0qcsB4TZKwgQzLaE/lqYMlKhv5J9dyd2RhhtGhNo2njPXDqU9XPfcNfa3MIDsdtZt5KlkIsirlo4dHsWdQ==}
    dev: false

  /is-buffer/2.0.5:
    resolution: {integrity: sha512-i2R6zNFDwgEHJyQUtJEk0XFi1i0dPFn/oqjK3/vPCcDeJvW5NQ83V8QbicfF1SupOaB0h8ntgBC2YiE7dfyctQ==}
    engines: {node: '>=4'}
    dev: false

  /is-plain-obj/4.1.0:
    resolution: {integrity: sha512-+Pgi+vMuUNkJyExiMBt5IlFoMyKnr5zhJ4Uspz58WOhBF5QoIZkFyNHIbBAtHwzVAgk5RtndVNsDRN61/mmDqg==}
    engines: {node: '>=12'}
    dev: false

  /is-plain-object/5.0.0:
    resolution: {integrity: sha512-VRSzKkbMm5jMDoKLbltAkFQ5Qr7VDiTFGXxYFXXowVj387GeGNOCsOH6Msy00SGZ3Fp84b1Naa1psqgcCIEP5Q==}
    engines: {node: '>=0.10.0'}
    dev: false

  /jotai/1.13.1:
    resolution: {integrity: sha512-RUmH1S4vLsG3V6fbGlKzGJnLrDcC/HNb5gH2AeA9DzuJknoVxSGvvg8OBB7lke+gDc4oXmdVsaKn/xDUhWZ0vw==}
    engines: {node: '>=12.20.0'}
    peerDependencies:
      '@babel/core': '*'
      '@babel/template': '*'
      jotai-devtools: '*'
      jotai-immer: '*'
      jotai-optics: '*'
      jotai-redux: '*'
      jotai-tanstack-query: '*'
      jotai-urql: '*'
      jotai-valtio: '*'
      jotai-xstate: '*'
      jotai-zustand: '*'
      react: '>=16.8'
    peerDependenciesMeta:
      '@babel/core':
        optional: true
      '@babel/template':
        optional: true
      jotai-devtools:
        optional: true
      jotai-immer:
        optional: true
      jotai-optics:
        optional: true
      jotai-redux:
        optional: true
      jotai-tanstack-query:
        optional: true
      jotai-urql:
        optional: true
      jotai-valtio:
        optional: true
      jotai-xstate:
        optional: true
      jotai-zustand:
        optional: true
    dev: false

  /lodash.iteratee/4.7.0:
    resolution: {integrity: sha512-yv3cSQZmfpbIKo4Yo45B1taEvxjNvcpF1CEOc0Y6dEyvhPIfEJE3twDwPgWTPQubcSgXyBwBKG6wpQvWMDOf6Q==}
    dev: false

  /lodash/4.17.21:
    resolution: {integrity: sha512-v2kDEe57lecTulaDIuNTPy3Ry4gLGJ6Z1O3vE1krgXZNrsQ+LFTGHVxVjcXPs17LhbZVGedAJv8XZ1tvj5FvSg==}
    dev: false

  /nanoid/3.3.4:
    resolution: {integrity: sha512-MqBkQh/OHTS2egovRtLk45wEyNXwF+cokD+1YPf9u5VfJiRdAiRwB2froX5Co9Rh20xs4siNPm8naNotSD6RBw==}
    engines: {node: ^10 || ^12 || ^13.7 || ^14 || >=15.0.1}
    hasBin: true
    dev: false

  /proxy-compare/2.4.0:
    resolution: {integrity: sha512-FD8KmQUQD6Mfpd0hywCOzcon/dbkFP8XBd9F1ycbKtvVsfv6TsFUKJ2eC0Iz2y+KzlkdT1Z8SY6ZSgm07zOyqg==}
    dev: false

  /react-hotkeys-hook/3.4.7:
    resolution: {integrity: sha512-+bbPmhPAl6ns9VkXkNNyxlmCAIyDAcWbB76O4I0ntr3uWCRuIQf/aRLartUahe9chVMPj+OEzzfk3CQSjclUEQ==}
    peerDependencies:
      react: '>=16.8.1'
      react-dom: '>=16.8.1'
    dependencies:
      hotkeys-js: 3.9.4
    dev: false

  /react-tracked/1.7.11:
    resolution: {integrity: sha512-+XXv4dJH7NnLtSD/cPVL9omra4A3KRK91L33owevXZ81r7qF/a9DdCsVZa90jMGht/V1Ym9sasbmidsJykhULQ==}
    peerDependencies:
      react: '>=16.8.0'
      react-dom: '*'
      react-native: '*'
      scheduler: '>=0.19.0'
    peerDependenciesMeta:
      react-dom:
        optional: true
      react-native:
        optional: true
    dependencies:
      proxy-compare: 2.4.0
      use-context-selector: 1.4.1
    dev: false

  /regenerator-runtime/0.13.11:
    resolution: {integrity: sha512-kY1AZVr2Ra+t+piVaJ4gxaFaReZVH40AKNo7UCX6W+dEwBo/2oZJzqfuN1qLq1oL45o56cPaTXELwrTh8Fpggg==}
    dev: false

  /slate/0.82.0:
    resolution: {integrity: sha512-2O2NQunBoIWp3M6HP9w1RnNYR6eC52jW4cAXiUDthTxeiwTjL+wrSncls+9jmfqVrUnUb13qbgOEmw6/EdE1yA==}
    dependencies:
      immer: 9.0.19
      is-plain-object: 5.0.0
      tiny-warning: 1.0.3
    dev: false

  /tiddlywiki/5.2.5:
    resolution: {integrity: sha512-Xfq9NHxAwg2UvCimbtZWWqZyfUpVyq1w+tfb0vMrx3wyWK3VZD1hogJTN1a5qBNyvD9d+WmpZkCw/xN5smRzLQ==}
    engines: {node: '>=0.8.2'}
    hasBin: true
    dev: false
    bundledDependencies: []

  /tiny-warning/1.0.3:
    resolution: {integrity: sha512-lBN9zLN/oAf68o3zNXYrdCt1kP8WsiGW8Oo2ka41b2IM5JL/S1CTyX1rW0mb/zSuJun0ZUrDxx4sqvYS2FWzPA==}
    dev: false

  /trough/2.1.0:
    resolution: {integrity: sha512-AqTiAOLcj85xS7vQ8QkAV41hPDIJ71XJB4RCUrzo/1GM2CQwhkJGaf9Hgr7BOugMRpgGUrqRg/DrBDl4H40+8g==}
    dev: false

  /unified/10.1.2:
    resolution: {integrity: sha512-pUSWAi/RAnVy1Pif2kAoeWNBa3JVrx0MId2LASj8G+7AiHWoKZNTomq6LG326T68U7/e263X6fTdcXIy7XnF7Q==}
    dependencies:
      '@types/unist': 2.0.6
      bail: 2.0.2
      extend: 3.0.2
      is-buffer: 2.0.5
      is-plain-obj: 4.1.0
      trough: 2.1.0
      vfile: 5.3.7
    dev: false

  /unist-util-find/1.0.2:
    resolution: {integrity: sha512-ft06UDYzqi9o9RmGP0sZWI/zvLLQiBW2/MD+rW6mDqbOWDcmknGX9orQPspfuGRYWr8eSJAmfsBcvOpfGRJseA==}
    dependencies:
      lodash.iteratee: 4.7.0
      unist-util-visit: 1.4.1
    dev: false

  /unist-util-is/3.0.0:
    resolution: {integrity: sha512-sVZZX3+kspVNmLWBPAB6r+7D9ZgAFPNWm66f7YNb420RlQSbn+n8rG8dGZSkrER7ZIXGQYNm5pqC3v3HopH24A==}
    dev: false

  /unist-util-parents/2.0.1:
    resolution: {integrity: sha512-8J41jNOgA9eHrD3nRQJR5eP0GZ8IbUio3u0eoZr7R+RgGCY031Rk4rYp4SZszMANVnYOTodw+sigS7Bo1JEnNQ==}
    dependencies:
      '@types/unist': 2.0.6
    dev: false

  /unist-util-stringify-position/3.0.3:
    resolution: {integrity: sha512-k5GzIBZ/QatR8N5X2y+drfpWG8IDBzdnVj6OInRNWm1oXrzydiaAT2OQiA8DPRRZyAKb9b6I2a6PxYklZD0gKg==}
    dependencies:
      '@types/unist': 2.0.6
    dev: false

  /unist-util-visit-parents/2.1.2:
    resolution: {integrity: sha512-DyN5vD4NE3aSeB+PXYNKxzGsfocxp6asDc2XXE3b0ekO2BaRUpBicbbUygfSvYfUz1IkmjFR1YF7dPklraMZ2g==}
    dependencies:
      unist-util-is: 3.0.0
    dev: false

  /unist-util-visit/1.4.1:
    resolution: {integrity: sha512-AvGNk7Bb//EmJZyhtRUnNMEpId/AZ5Ph/KUpTI09WHQuDZHKovQ1oEv3mfmKpWKtoMzyMC4GLBm1Zy5k12fjIw==}
    dependencies:
      unist-util-visit-parents: 2.1.2
    dev: false

  /use-context-selector/1.4.1:
    resolution: {integrity: sha512-Io2ArvcRO+6MWIhkdfMFt+WKQX+Vb++W8DS2l03z/Vw/rz3BclKpM0ynr4LYGyU85Eke+Yx5oIhTY++QR0ZDoA==}
    peerDependencies:
      react: '>=16.8.0'
      react-dom: '*'
      react-native: '*'
      scheduler: '>=0.19.0'
    peerDependenciesMeta:
      react-dom:
        optional: true
      react-native:
        optional: true
    dev: false

  /use-deep-compare/1.1.0:
    resolution: {integrity: sha512-6yY3zmKNCJ1jjIivfZMZMReZjr8e6iC6Uqtp701jvWJ6ejC/usXD+JjmslZDPJQgX8P4B1Oi5XSLHkOLeYSJsA==}
    peerDependencies:
      react: '>=16.8.0'
    dependencies:
      dequal: 1.0.0
    dev: false

  /vfile-message/3.1.4:
    resolution: {integrity: sha512-fa0Z6P8HUrQN4BZaX05SIVXic+7kE3b05PWAtPuYP9QLHsLKYR7/AlLW3NtOrpXRLeawpDLMsVkmk5DG0NXgWw==}
    dependencies:
      '@types/unist': 2.0.6
      unist-util-stringify-position: 3.0.3
    dev: false

  /vfile/5.3.7:
    resolution: {integrity: sha512-r7qlzkgErKjobAmyNIkkSpizsFPYiUPuJb5pNW1RB4JcYVZhs4lIbVqk8XPk033CV/1z8ss5pkax8SuhGpcG8g==}
    dependencies:
      '@types/unist': 2.0.6
      is-buffer: 2.0.5
      unist-util-stringify-position: 3.0.3
      vfile-message: 3.1.4
    dev: false

  /zustand/3.7.2:
    resolution: {integrity: sha512-PIJDIZKtokhof+9+60cpockVOq05sJzHCriyvaLBmEJixseQ1a5Kdov6fWZfWOu5SK9c+FhH1jU0tntLxRJYMA==}
    engines: {node: '>=12.7.0'}
    peerDependencies:
      react: '>=16.8'
    peerDependenciesMeta:
      react:
        optional: true
    dev: false
